PODS:
  - Bolts (1.9.0):
    - Bolts/AppLinks (= 1.9.0)
    - Bolts/Tasks (= 1.9.0)
  - Bolts/AppLinks (1.9.0):
    - Bolts/Tasks
  - Bolts/Tasks (1.9.0)
  - FBSDKCoreKit (4.34.0):
    - Bolts (~> 1.7)
  - FBSDKLoginKit (4.34.0):
    - FBSDKCoreKit
  - Firebase (5.3.0):
    - Firebase/Core (= 5.3.0)
  - Firebase/Auth (5.3.0):
    - Firebase/CoreOnly
    - FirebaseAuth (= 5.0.1)
  - Firebase/Core (5.3.0):
    - Firebase/CoreOnly
    - FirebaseAnalytics (= 5.0.1)
  - Firebase/CoreOnly (5.3.0):
    - FirebaseCore (= 5.0.4)
  - Firebase/Crash (5.3.0):
    - Firebase/Core
    - FirebaseCrash (= 3.0.0)
  - Firebase/Messaging (5.3.0):
    - Firebase/CoreOnly
    - FirebaseMessaging (= 3.0.2)
  - FirebaseAnalytics (5.0.1):
    - FirebaseCore (~> 5.0)
    - FirebaseInstanceID (~> 3.0)
    - "GoogleToolboxForMac/NSData+zlib (~> 2.1)"
    - nanopb (~> 0.3)
  - FirebaseAuth (5.0.1):
    - FirebaseCore (~> 5.0)
    - GTMSessionFetcher/Core (~> 1.1)
  - FirebaseCore (5.0.4):
    - "GoogleToolboxForMac/NSData+zlib (~> 2.1)"
  - FirebaseCrash (3.0.0):
    - FirebaseAnalytics (~> 5.0)
    - FirebaseInstanceID (~> 3.0)
    - GoogleToolboxForMac/Logger (~> 2.1)
    - "GoogleToolboxForMac/NSData+zlib (~> 2.1)"
    - Protobuf (~> 3.5)
  - FirebaseInstanceID (3.1.1):
    - FirebaseCore (~> 5.0)
  - FirebaseMessaging (3.0.2):
    - FirebaseCore (~> 5.0)
    - FirebaseInstanceID (~> 3.0)
    - GoogleToolboxForMac/Logger (~> 2.1)
    - Protobuf (~> 3.1)
  - GoogleToolboxForMac/Defines (2.1.4)
  - GoogleToolboxForMac/Logger (2.1.4):
    - GoogleToolboxForMac/Defines (= 2.1.4)
  - "GoogleToolboxForMac/NSData+zlib (2.1.4)":
    - GoogleToolboxForMac/Defines (= 2.1.4)
  - GTMSessionFetcher/Core (1.1.15)
  - nanopb (0.3.8):
    - nanopb/decode (= 0.3.8)
    - nanopb/encode (= 0.3.8)
  - nanopb/decode (0.3.8)
  - nanopb/encode (0.3.8)
  - Protobuf (3.6.0)

DEPENDENCIES:
  - FBSDKCoreKit
  - FBSDKLoginKit
  - Firebase (>= 2.5.0)
  - Firebase/Auth
  - Firebase/Core
  - Firebase/Crash
  - Firebase/Messaging

SPEC REPOS:
  https://github.com/cocoapods/specs.git:
    - Bolts
    - FBSDKCoreKit
    - FBSDKLoginKit
    - Firebase
    - FirebaseAnalytics
    - FirebaseAuth
    - FirebaseCore
    - FirebaseCrash
    - FirebaseInstanceID
    - FirebaseMessaging
    - GoogleToolboxForMac
    - GTMSessionFetcher
    - nanopb
    - Protobuf

SPEC CHECKSUMS:
  Bolts: ac6567323eac61e203f6a9763667d0f711be34c8
  FBSDKCoreKit: 0ff57f093b85c8c9d5aba697d3edf68a8960ce78
  FBSDKLoginKit: 8c78f57a145afb756e4755e69195ebe08a42466e
  Firebase: 68afeeb05461db02d7c9e3215cda28068670f4aa
  FirebaseAnalytics: b3628aea54c50464c32c393fb2ea032566e7ecc2
  FirebaseAuth: 463b8ce33bd5d05f706dcd4615499e3212b4132b
  FirebaseCore: 62f1b792a49bb9e8b4073f24606d2c93ffc352f0
  FirebaseCrash: 8900571fd763fd5bdda04522ec53da979456e3ce
  FirebaseInstanceID: f3f0657372592ecdfdfe2cac604a5a75758376a6
  FirebaseMessaging: 6894b8fe0a0cf26c3b13dad729f1131654ae0bdb
  GoogleToolboxForMac: 91c824d21e85b31c2aae9bb011c5027c9b4e738f
  GTMSessionFetcher: 5fa5b80fd20e439ef5f545fb2cb3ca6c6714caa2
  nanopb: 5601e6bca2dbf1ed831b519092ec110f66982ca3
  Protobuf: 0fc0ad8bec688b2a3017a139953e01374fedbd5f

PODFILE CHECKSUM: 656a77110c121eb0f16da0d843ffa71fd23f9a85

COCOAPODS: 1.5.3
